
Microsoft Visual Studio Solution File, Format Version 11.00
# Visual Studio 2010
Project("{8BC9CEB8-8B4A-11D0-8D11-00A0C91BC942}") = "ex2_7", "ex2_7.vcxproj", "{14372639-0E6E-4440-9831-67E47FE5201C}"
EndProject
Global
	GlobalSection(SolutionConfigurationPlatforms) = preSolution
		Debug|Win32 = Debug|Win32
		Release|Win32 = Release|Win32
	EndGlobalSection
	GlobalSection(ProjectConfigurationPlatforms) = postSolution
		{14372639-0E6E-4440-9831-67E47FE5201C}.Debug|Win32.ActiveCfg = Debug|Win32
		{14372639-0E6E-4440-9831-67E47FE5201C}.Debug|Win32.Build.0 = Debug|Win32
		{14372639-0E6E-4440-9831-67E47FE5201C}.Release|Win32.ActiveCfg = Release|Win32
		{14372639-0E6E-4440-9831-67E47FE5201C}.Release|Win32.Build.0 = Release|Win32
	EndGlobalSection
	GlobalSection(SolutionProperties) = preSolution
		HideSolutionNode = FALSE
	EndGlobalSection
EndGlobal
