
Microsoft Visual Studio Solution File, Format Version 11.00
# Visual Studio 2010
Project("{8BC9CEB8-8B4A-11D0-8D11-00A0C91BC942}") = "Ukeoppg37", "Ukeoppg37.vcxproj", "{B53BF1C2-3296-4808-889B-21FA66A4EEDA}"
EndProject
Global
	GlobalSection(SolutionConfigurationPlatforms) = preSolution
		Debug|Win32 = Debug|Win32
		Release|Win32 = Release|Win32
	EndGlobalSection
	GlobalSection(ProjectConfigurationPlatforms) = postSolution
		{B53BF1C2-3296-4808-889B-21FA66A4EEDA}.Debug|Win32.ActiveCfg = Debug|Win32
		{B53BF1C2-3296-4808-889B-21FA66A4EEDA}.Debug|Win32.Build.0 = Debug|Win32
		{B53BF1C2-3296-4808-889B-21FA66A4EEDA}.Release|Win32.ActiveCfg = Release|Win32
		{B53BF1C2-3296-4808-889B-21FA66A4EEDA}.Release|Win32.Build.0 = Release|Win32
	EndGlobalSection
	GlobalSection(SolutionProperties) = preSolution
		HideSolutionNode = FALSE
	EndGlobalSection
EndGlobal
