
Microsoft Visual Studio Solution File, Format Version 11.00
# Visual Studio 2010
Project("{8BC9CEB8-8B4A-11D0-8D11-00A0C91BC942}") = "ex4_6", "ex4_6.vcxproj", "{ACB78CDB-3434-4124-9FBC-6878E8DA496D}"
EndProject
Global
	GlobalSection(SolutionConfigurationPlatforms) = preSolution
		Debug|Win32 = Debug|Win32
		Release|Win32 = Release|Win32
	EndGlobalSection
	GlobalSection(ProjectConfigurationPlatforms) = postSolution
		{ACB78CDB-3434-4124-9FBC-6878E8DA496D}.Debug|Win32.ActiveCfg = Debug|Win32
		{ACB78CDB-3434-4124-9FBC-6878E8DA496D}.Debug|Win32.Build.0 = Debug|Win32
		{ACB78CDB-3434-4124-9FBC-6878E8DA496D}.Release|Win32.ActiveCfg = Release|Win32
		{ACB78CDB-3434-4124-9FBC-6878E8DA496D}.Release|Win32.Build.0 = Release|Win32
	EndGlobalSection
	GlobalSection(SolutionProperties) = preSolution
		HideSolutionNode = FALSE
	EndGlobalSection
EndGlobal
