
Microsoft Visual Studio Solution File, Format Version 11.00
# Visual Studio 2010
Project("{8BC9CEB8-8B4A-11D0-8D11-00A0C91BC942}") = "ex10_1", "ex10_1.vcxproj", "{CBD274E7-C696-485F-8D5D-E87E04CEE980}"
EndProject
Global
	GlobalSection(SolutionConfigurationPlatforms) = preSolution
		Debug|Win32 = Debug|Win32
		Release|Win32 = Release|Win32
	EndGlobalSection
	GlobalSection(ProjectConfigurationPlatforms) = postSolution
		{CBD274E7-C696-485F-8D5D-E87E04CEE980}.Debug|Win32.ActiveCfg = Debug|Win32
		{CBD274E7-C696-485F-8D5D-E87E04CEE980}.Debug|Win32.Build.0 = Debug|Win32
		{CBD274E7-C696-485F-8D5D-E87E04CEE980}.Release|Win32.ActiveCfg = Release|Win32
		{CBD274E7-C696-485F-8D5D-E87E04CEE980}.Release|Win32.Build.0 = Release|Win32
	EndGlobalSection
	GlobalSection(SolutionProperties) = preSolution
		HideSolutionNode = FALSE
	EndGlobalSection
EndGlobal
