
Microsoft Visual Studio Solution File, Format Version 11.00
# Visual Studio 2010
Project("{8BC9CEB8-8B4A-11D0-8D11-00A0C91BC942}") = "ex3_9", "ex3_9.vcxproj", "{F6A263A8-BD5A-4A29-864A-42E8C4CAE43B}"
EndProject
Global
	GlobalSection(SolutionConfigurationPlatforms) = preSolution
		Debug|Win32 = Debug|Win32
		Release|Win32 = Release|Win32
	EndGlobalSection
	GlobalSection(ProjectConfigurationPlatforms) = postSolution
		{F6A263A8-BD5A-4A29-864A-42E8C4CAE43B}.Debug|Win32.ActiveCfg = Debug|Win32
		{F6A263A8-BD5A-4A29-864A-42E8C4CAE43B}.Debug|Win32.Build.0 = Debug|Win32
		{F6A263A8-BD5A-4A29-864A-42E8C4CAE43B}.Release|Win32.ActiveCfg = Release|Win32
		{F6A263A8-BD5A-4A29-864A-42E8C4CAE43B}.Release|Win32.Build.0 = Release|Win32
	EndGlobalSection
	GlobalSection(SolutionProperties) = preSolution
		HideSolutionNode = FALSE
	EndGlobalSection
EndGlobal
