
Microsoft Visual Studio Solution File, Format Version 11.00
# Visual Studio 2010
Project("{8BC9CEB8-8B4A-11D0-8D11-00A0C91BC942}") = "ex11_4", "ex11_4.vcxproj", "{D5C8D7E8-D51C-4ECF-A967-2AA2309F0197}"
EndProject
Global
	GlobalSection(SolutionConfigurationPlatforms) = preSolution
		Debug|Win32 = Debug|Win32
		Release|Win32 = Release|Win32
	EndGlobalSection
	GlobalSection(ProjectConfigurationPlatforms) = postSolution
		{D5C8D7E8-D51C-4ECF-A967-2AA2309F0197}.Debug|Win32.ActiveCfg = Debug|Win32
		{D5C8D7E8-D51C-4ECF-A967-2AA2309F0197}.Debug|Win32.Build.0 = Debug|Win32
		{D5C8D7E8-D51C-4ECF-A967-2AA2309F0197}.Release|Win32.ActiveCfg = Release|Win32
		{D5C8D7E8-D51C-4ECF-A967-2AA2309F0197}.Release|Win32.Build.0 = Release|Win32
	EndGlobalSection
	GlobalSection(SolutionProperties) = preSolution
		HideSolutionNode = FALSE
	EndGlobalSection
EndGlobal
