
Microsoft Visual Studio Solution File, Format Version 11.00
# Visual Studio 2010
Project("{8BC9CEB8-8B4A-11D0-8D11-00A0C91BC942}") = "ex7_2", "ex7_2.vcxproj", "{D1F92FC3-59B7-45C2-B3A1-3B27ADC1753E}"
EndProject
Global
	GlobalSection(SolutionConfigurationPlatforms) = preSolution
		Debug|Win32 = Debug|Win32
		Release|Win32 = Release|Win32
	EndGlobalSection
	GlobalSection(ProjectConfigurationPlatforms) = postSolution
		{D1F92FC3-59B7-45C2-B3A1-3B27ADC1753E}.Debug|Win32.ActiveCfg = Debug|Win32
		{D1F92FC3-59B7-45C2-B3A1-3B27ADC1753E}.Debug|Win32.Build.0 = Debug|Win32
		{D1F92FC3-59B7-45C2-B3A1-3B27ADC1753E}.Release|Win32.ActiveCfg = Release|Win32
		{D1F92FC3-59B7-45C2-B3A1-3B27ADC1753E}.Release|Win32.Build.0 = Release|Win32
	EndGlobalSection
	GlobalSection(SolutionProperties) = preSolution
		HideSolutionNode = FALSE
	EndGlobalSection
EndGlobal
