
Microsoft Visual Studio Solution File, Format Version 11.00
# Visual Studio 2010
Project("{8BC9CEB8-8B4A-11D0-8D11-00A0C91BC942}") = "ex9_5", "ex9_5.vcxproj", "{190D8662-2454-4B21-B56F-22BBE71C493E}"
EndProject
Global
	GlobalSection(SolutionConfigurationPlatforms) = preSolution
		Debug|Win32 = Debug|Win32
		Release|Win32 = Release|Win32
	EndGlobalSection
	GlobalSection(ProjectConfigurationPlatforms) = postSolution
		{190D8662-2454-4B21-B56F-22BBE71C493E}.Debug|Win32.ActiveCfg = Debug|Win32
		{190D8662-2454-4B21-B56F-22BBE71C493E}.Debug|Win32.Build.0 = Debug|Win32
		{190D8662-2454-4B21-B56F-22BBE71C493E}.Release|Win32.ActiveCfg = Release|Win32
		{190D8662-2454-4B21-B56F-22BBE71C493E}.Release|Win32.Build.0 = Release|Win32
	EndGlobalSection
	GlobalSection(SolutionProperties) = preSolution
		HideSolutionNode = FALSE
	EndGlobalSection
EndGlobal
