
Microsoft Visual Studio Solution File, Format Version 11.00
# Visual Studio 2010
Project("{8BC9CEB8-8B4A-11D0-8D11-00A0C91BC942}") = "Ukeoppg35", "Ukeoppg35.vcxproj", "{28A5471F-ED3C-4C8D-ACCB-A90C8C757145}"
EndProject
Global
	GlobalSection(SolutionConfigurationPlatforms) = preSolution
		Debug|Win32 = Debug|Win32
		Release|Win32 = Release|Win32
	EndGlobalSection
	GlobalSection(ProjectConfigurationPlatforms) = postSolution
		{28A5471F-ED3C-4C8D-ACCB-A90C8C757145}.Debug|Win32.ActiveCfg = Debug|Win32
		{28A5471F-ED3C-4C8D-ACCB-A90C8C757145}.Debug|Win32.Build.0 = Debug|Win32
		{28A5471F-ED3C-4C8D-ACCB-A90C8C757145}.Release|Win32.ActiveCfg = Release|Win32
		{28A5471F-ED3C-4C8D-ACCB-A90C8C757145}.Release|Win32.Build.0 = Release|Win32
	EndGlobalSection
	GlobalSection(SolutionProperties) = preSolution
		HideSolutionNode = FALSE
	EndGlobalSection
EndGlobal
