
Microsoft Visual Studio Solution File, Format Version 11.00
# Visual Studio 2010
Project("{8BC9CEB8-8B4A-11D0-8D11-00A0C91BC942}") = "ex4_12", "ex4_12.vcxproj", "{BC7582BC-A29E-4986-99EB-2C5E5F24164A}"
EndProject
Global
	GlobalSection(SolutionConfigurationPlatforms) = preSolution
		Debug|Win32 = Debug|Win32
		Release|Win32 = Release|Win32
	EndGlobalSection
	GlobalSection(ProjectConfigurationPlatforms) = postSolution
		{BC7582BC-A29E-4986-99EB-2C5E5F24164A}.Debug|Win32.ActiveCfg = Debug|Win32
		{BC7582BC-A29E-4986-99EB-2C5E5F24164A}.Debug|Win32.Build.0 = Debug|Win32
		{BC7582BC-A29E-4986-99EB-2C5E5F24164A}.Release|Win32.ActiveCfg = Release|Win32
		{BC7582BC-A29E-4986-99EB-2C5E5F24164A}.Release|Win32.Build.0 = Release|Win32
	EndGlobalSection
	GlobalSection(SolutionProperties) = preSolution
		HideSolutionNode = FALSE
	EndGlobalSection
EndGlobal
