
Microsoft Visual Studio Solution File, Format Version 11.00
# Visual Studio 2010
Project("{8BC9CEB8-8B4A-11D0-8D11-00A0C91BC942}") = "ex9_2", "ex9_2.vcxproj", "{5623BB7D-14AA-43C8-B5A6-B446885AFE43}"
EndProject
Global
	GlobalSection(SolutionConfigurationPlatforms) = preSolution
		Debug|Win32 = Debug|Win32
		Release|Win32 = Release|Win32
	EndGlobalSection
	GlobalSection(ProjectConfigurationPlatforms) = postSolution
		{5623BB7D-14AA-43C8-B5A6-B446885AFE43}.Debug|Win32.ActiveCfg = Debug|Win32
		{5623BB7D-14AA-43C8-B5A6-B446885AFE43}.Debug|Win32.Build.0 = Debug|Win32
		{5623BB7D-14AA-43C8-B5A6-B446885AFE43}.Release|Win32.ActiveCfg = Release|Win32
		{5623BB7D-14AA-43C8-B5A6-B446885AFE43}.Release|Win32.Build.0 = Release|Win32
	EndGlobalSection
	GlobalSection(SolutionProperties) = preSolution
		HideSolutionNode = FALSE
	EndGlobalSection
EndGlobal
