
Microsoft Visual Studio Solution File, Format Version 11.00
# Visual Studio 2010
Project("{8BC9CEB8-8B4A-11D0-8D11-00A0C91BC942}") = "ex9_10", "ex9_10.vcxproj", "{F360EE3E-7847-4345-AE98-C4535DFD7C19}"
EndProject
Global
	GlobalSection(SolutionConfigurationPlatforms) = preSolution
		Debug|Win32 = Debug|Win32
		Release|Win32 = Release|Win32
	EndGlobalSection
	GlobalSection(ProjectConfigurationPlatforms) = postSolution
		{F360EE3E-7847-4345-AE98-C4535DFD7C19}.Debug|Win32.ActiveCfg = Debug|Win32
		{F360EE3E-7847-4345-AE98-C4535DFD7C19}.Debug|Win32.Build.0 = Debug|Win32
		{F360EE3E-7847-4345-AE98-C4535DFD7C19}.Release|Win32.ActiveCfg = Release|Win32
		{F360EE3E-7847-4345-AE98-C4535DFD7C19}.Release|Win32.Build.0 = Release|Win32
	EndGlobalSection
	GlobalSection(SolutionProperties) = preSolution
		HideSolutionNode = FALSE
	EndGlobalSection
EndGlobal
