
Microsoft Visual Studio Solution File, Format Version 11.00
# Visual Studio 2010
Project("{8BC9CEB8-8B4A-11D0-8D11-00A0C91BC942}") = "Ex14_2", "Ex14_2.vcxproj", "{4939AA1F-9641-456A-9992-C8FF89E2629B}"
EndProject
Global
	GlobalSection(SolutionConfigurationPlatforms) = preSolution
		Debug|Win32 = Debug|Win32
		Release|Win32 = Release|Win32
	EndGlobalSection
	GlobalSection(ProjectConfigurationPlatforms) = postSolution
		{4939AA1F-9641-456A-9992-C8FF89E2629B}.Debug|Win32.ActiveCfg = Debug|Win32
		{4939AA1F-9641-456A-9992-C8FF89E2629B}.Debug|Win32.Build.0 = Debug|Win32
		{4939AA1F-9641-456A-9992-C8FF89E2629B}.Release|Win32.ActiveCfg = Release|Win32
		{4939AA1F-9641-456A-9992-C8FF89E2629B}.Release|Win32.Build.0 = Release|Win32
	EndGlobalSection
	GlobalSection(SolutionProperties) = preSolution
		HideSolutionNode = FALSE
	EndGlobalSection
EndGlobal
